{
  "lockfileVersion": 1,
  "configVersion": 1,
  "workspaces": {
    "": {
      "name": "chrome-network-logger",
      "dependencies": {
        "chrome-remote-interface": "0.34.0",
        "mime-types": "3.0.2",
        "zod": "4.4.3",
      },
      "devDependencies": {
        "@risu729/tsconfigs": "3.0.0",
        "@types/bun": "1.3.14",
        "@types/chrome-remote-interface": "0.34.0",
        "@types/mime-types": "3.0.1",
        "@types/node": "26.1.0",
        "devtools-protocol": "0.0.1658499",
        "typescript": "6.0.3",
      },
    },
  },
  "packages": {
    "@risu729/tsconfigs": ["@risu729/tsconfigs@3.0.0", "", { "peerDependencies": { "typescript": "^6.0.0" } }, "sha512-FAYLBHC4KQ9TPSksm2Q8blZPSI08bedKOEE9dMbhbcQmj1I54ZPzqz4i8gqINQubcp4gkLE8kFeX5ZXudVl/9Q=="],

    "@types/bun": ["@types/bun@1.3.14", "", { "dependencies": { "bun-types": "1.3.14" } }, "sha512-h1hFqFVcvAvD9j9K7ZW7vd82aSA+rTdznZa+5bwvCwqSB1jmmfLcbIWhOLx1/+boy/xmjgCs/OMUL8hRJSmnPw=="],

    "@types/chrome-remote-interface": ["@types/chrome-remote-interface@0.34.0", "", { "dependencies": { "devtools-protocol": "0.0.1173815" } }, "sha512-4q8pMUvasrAkB7bejGWw5igboAvBz7vJRZq+295yFONGoeN7X/hfq8Mq4vTxUQKnENbR9tqksP8RZsLxlRtsWQ=="],

    "@types/mime-types": ["@types/mime-types@3.0.1", "", {}, "sha512-xRMsfuQbnRq1Ef+C+RKaENOxXX87Ygl38W1vDfPHRku02TgQr+Qd8iivLtAMcR0KF5/29xlnFihkTlbqFrGOVQ=="],

    "@types/node": ["@types/node@26.1.0", "", { "dependencies": { "undici-types": "~8.3.0" } }, "sha512-O0A1G3xPGy4w7AgQdAQYUlQ+BKk2Oovw8eRpofyp5KdBZULnbe+WqaOVNrm705SHphCiG4XHsACrSmPu1f+Kgw=="],

    "bun-types": ["bun-types@1.3.14", "", { "dependencies": { "@types/node": "*" } }, "sha512-4N0ig0fEomHt5R0KCFWjovxow98rIoRwKolrYdCcknNwMekCXRnWEUvgu5soYV8QXtVsrUD8B95MBOZGPvr6KQ=="],

    "chrome-remote-interface": ["chrome-remote-interface@0.34.0", "", { "dependencies": { "commander": "2.11.x", "ws": "^7.2.0" }, "bin": { "chrome-remote-interface": "bin/client.js" } }, "sha512-rTTcTZ3zemx8I+nvBii7d8BAF0Ms8LLEroypfvwwZOwSpyNGLE28nStXyCA6VwGp2YSQfmCrQH21F/E+oBFvMw=="],

    "commander": ["commander@2.11.0", "", {}, "sha512-b0553uYA5YAEGgyYIGYROzKQ7X5RAqedkfjiZxwi0kL1g3bOaBNNZfYkzt/CL0umgD5wc9Jec2FbB98CjkMRvQ=="],

    "devtools-protocol": ["devtools-protocol@0.0.1658499", "", {}, "sha512-ErMPzWOOgJU/Ftl1Qj2iGGsVqHceICIgeLeFuuVah4vQjC3hE1XwGlXA34syuduBCK1y3dn3VCI8a/MlfSnL/A=="],

    "mime-db": ["mime-db@1.54.0", "", {}, "sha512-aU5EJuIN2WDemCcAp2vFBfp/m4EAhWJnUNSSw0ixs7/kXbd6Pg64EmwJkNdFhB8aWt1sH2CTXrLxo/iAGV3oPQ=="],

    "mime-types": ["mime-types@3.0.2", "", { "dependencies": { "mime-db": "^1.54.0" } }, "sha512-Lbgzdk0h4juoQ9fCKXW4by0UJqj+nOOrI9MJ1sSj4nI8aI2eo1qmvQEie4VD1glsS250n15LsWsYtCugiStS5A=="],

    "typescript": ["typescript@6.0.3", "", { "bin": { "tsc": "bin/tsc", "tsserver": "bin/tsserver" } }, "sha512-y2TvuxSZPDyQakkFRPZHKFm+KKVqIisdg9/CZwm9ftvKXLP8NRWj38/ODjNbr43SsoXqNuAisEf1GdCxqWcdBw=="],

    "undici-types": ["undici-types@8.3.0", "", {}, "sha512-j375ScV60dom+YkPFIfTLcOiPxkN/buHz5GobjLhixFuANaNs3C9l4GmrWqejgXWJ7BbJcFYpTEUkS1Ge8bpZQ=="],

    "ws": ["ws@7.5.11", "", { "peerDependencies": { "bufferutil": "^4.0.1", "utf-8-validate": "^5.0.2" }, "optionalPeers": ["bufferutil", "utf-8-validate"] }, "sha512-zS54Oen9bITtp7kp2XM3AydrCIq1D+HwJOuH+c+e4LfpL/lotP5osijd+UoMnxwAam1GN8R4KtLAyIrIcBNpiA=="],

    "zod": ["zod@4.4.3", "", {}, "sha512-ytENFjIJFl2UwYglde2jchW2Hwm4GJFLDiSXWdTrJQBIN9Fcyp7n4DhxJEiWNAJMV1/BqWfW/kkg71UDcHJyTQ=="],

    "@types/chrome-remote-interface/devtools-protocol": ["devtools-protocol@0.0.1173815", "", {}, "sha512-CmsjkudmgCMeae8FSJB4GV8COZwOk6dJKyE9HS2F/ih/sA8uTdbPKHg5F7DsrOYLEET/QKK00LJCU4YoyG+uHg=="],
  }
}
